// !$*UTF8*$!
{
	archiveVersion = 1;
	classes = {
	};
	objectVersion = 46;
	objects = {

/* Begin PBXBuildFile section */
		CA429C0C1EFEFA970051A29D /* DateTime.swift in Sources */ = {isa = PBXBuildFile; fileRef = CA429C0B1EFEFA970051A29D /* DateTime.swift */; };
		CA429C0E1EFFFEB90051A29D /* Team.swift in Sources */ = {isa = PBXBuildFile; fileRef = CA429C0D1EFFFEB90051A29D /* Team.swift */; };
		CA7C85191EEBA58E0068A5FB /* AppDelegate.swift in Sources */ = {isa = PBXBuildFile; fileRef = CA7C85181EEBA58E0068A5FB /* AppDelegate.swift */; };
		CA7C851B1EEBA58E0068A5FB /* MatchTableViewController.swift in Sources */ = {isa = PBXBuildFile; fileRef = CA7C851A1EEBA58E0068A5FB /* MatchTableViewController.swift */; };
		CA7C851D1EEBA58E0068A5FB /* NewsViewController.swift in Sources */ = {isa = PBXBuildFile; fileRef = CA7C851C1EEBA58E0068A5FB /* NewsViewController.swift */; };
		CA7C85201EEBA58E0068A5FB /* Main.storyboard in Resources */ = {isa = PBXBuildFile; fileRef = CA7C851E1EEBA58E0068A5FB /* Main.storyboard */; };
		CA7C85221EEBA58E0068A5FB /* Assets.xcassets in Resources */ = {isa = PBXBuildFile; fileRef = CA7C85211EEBA58E0068A5FB /* Assets.xcassets */; };
		CA7C85251EEBA58E0068A5FB /* LaunchScreen.storyboard in Resources */ = {isa = PBXBuildFile; fileRef = CA7C85231EEBA58E0068A5FB /* LaunchScreen.storyboard */; };
		CA961FED1EEC632700C1C8C4 /* Match.swift in Sources */ = {isa = PBXBuildFile; fileRef = CA961FEC1EEC632700C1C8C4 /* Match.swift */; };
		CAD112041F242AB10064AF46 /* Article.swift in Sources */ = {isa = PBXBuildFile; fileRef = CAD112031F242AB10064AF46 /* Article.swift */; };
/* End PBXBuildFile section */

/* Begin PBXFileReference section */
		CA429C0B1EFEFA970051A29D /* DateTime.swift */ = {isa = PBXFileReference; fileEncoding = 4; lastKnownFileType = sourcecode.swift; path = DateTime.swift; sourceTree = "<group>"; };
		CA429C0D1EFFFEB90051A29D /* Team.swift */ = {isa = PBXFileReference; fileEncoding = 4; lastKnownFileType = sourcecode.swift; path = Team.swift; sourceTree = "<group>"; };
		CA7C85151EEBA58E0068A5FB /* Stryke.app */ = {isa = PBXFileReference; explicitFileType = wrapper.application; includeInIndex = 0; path = Stryke.app; sourceTree = BUILT_PRODUCTS_DIR; };
		CA7C85181EEBA58E0068A5FB /* AppDelegate.swift */ = {isa = PBXFileReference; lastKnownFileType = sourcecode.swift; path = AppDelegate.swift; sourceTree = "<group>"; };
		CA7C851A1EEBA58E0068A5FB /* MatchTableViewController.swift */ = {isa = PBXFileReference; lastKnownFileType = sourcecode.swift; path = MatchTableViewController.swift; sourceTree = "<group>"; };
		CA7C851C1EEBA58E0068A5FB /* NewsViewController.swift */ = {isa = PBXFileReference; lastKnownFileType = sourcecode.swift; path = NewsViewController.swift; sourceTree = "<group>"; };
		CA7C851F1EEBA58E0068A5FB /* Base */ = {isa = PBXFileReference; lastKnownFileType = file.storyboard; name = Base; path = Base.lproj/Main.storyboard; sourceTree = "<group>"; };
		CA7C85211EEBA58E0068A5FB /* Assets.xcassets */ = {isa = PBXFileReference; lastKnownFileType = folder.assetcatalog; path = Assets.xcassets; sourceTree = "<group>"; };
		CA7C85241EEBA58E0068A5FB /* Base */ = {isa = PBXFileReference; lastKnownFileType = file.storyboard; name = Base; path = Base.lproj/LaunchScreen.storyboard; sourceTree = "<group>"; };
		CA7C85261EEBA58E0068A5FB /* Info.plist */ = {isa = PBXFileReference; lastKnownFileType = text.plist.xml; path = Info.plist; sourceTree = "<group>"; };
		CA961FEC1EEC632700C1C8C4 /* Match.swift */ = {isa = PBXFileReference; fileEncoding = 4; lastKnownFileType = sourcecode.swift; path = Match.swift; sourceTree = "<group>"; };
		CAD112031F242AB10064AF46 /* Article.swift */ = {isa = PBXFileReference; fileEncoding = 4; lastKnownFileType = sourcecode.swift; path = Article.swift; sourceTree = "<group>"; };
/* End PBXFileReference section */

/* Begin PBXFrameworksBuildPhase section */
		CA7C85121EEBA58E0068A5FB /* Frameworks */ = {
			isa = PBXFrameworksBuildPhase;
			buildActionMask = 2147483647;
			files = (
			);
			runOnlyForDeploymentPostprocessing = 0;
		};
/* End PBXFrameworksBuildPhase section */

/* Begin PBXGroup section */
		CA7C850C1EEBA58E0068A5FB = {
			isa = PBXGroup;
			children = (
				CA7C85171EEBA58E0068A5FB /* Stryke */,
				CA7C85161EEBA58E0068A5FB /* Products */,
			);
			sourceTree = "<group>";
		};
		CA7C85161EEBA58E0068A5FB /* Products */ = {
			isa = PBXGroup;
			children = (
				CA7C85151EEBA58E0068A5FB /* Stryke.app */,
			);
			name = Products;
			sourceTree = "<group>";
		};
		CA7C85171EEBA58E0068A5FB /* Stryke */ = {
			isa = PBXGroup;
			children = (
				CA7C85181EEBA58E0068A5FB /* AppDelegate.swift */,
				CA7C851A1EEBA58E0068A5FB /* MatchTableViewController.swift */,
				CA429C0B1EFEFA970051A29D /* DateTime.swift */,
				CA7C851C1EEBA58E0068A5FB /* NewsViewController.swift */,
				CA7C851E1EEBA58E0068A5FB /* Main.storyboard */,
				CA7C85211EEBA58E0068A5FB /* Assets.xcassets */,
				CA7C85231EEBA58E0068A5FB /* LaunchScreen.storyboard */,
				CA7C85261EEBA58E0068A5FB /* Info.plist */,
				CA961FEC1EEC632700C1C8C4 /* Match.swift */,
				CA429C0D1EFFFEB90051A29D /* Team.swift */,
				CAD112031F242AB10064AF46 /* Article.swift */,
			);
			path = Stryke;
			sourceTree = "<group>";
		};
/* End PBXGroup section */

/* Begin PBXNativeTarget section */
		CA7C85141EEBA58E0068A5FB /* Stryke */ = {
			isa = PBXNativeTarget;
			buildConfigurationList = CA7C85291EEBA58E0068A5FB /* Build configuration list for PBXNativeTarget "Stryke" */;
			buildPhases = (
				CA7C85111EEBA58E0068A5FB /* Sources */,
				CA7C85121EEBA58E0068A5FB /* Frameworks */,
				CA7C85131EEBA58E0068A5FB /* Resources */,
			);
			buildRules = (
			);
			dependencies = (
			);
			name = Stryke;
			productName = Stryke;
			productReference = CA7C85151EEBA58E0068A5FB /* Stryke.app */;
			productType = "com.apple.product-type.application";
		};
/* End PBXNativeTarget section */

/* Begin PBXProject section */
		CA7C850D1EEBA58E0068A5FB /* Project object */ = {
			isa = PBXProject;
			attributes = {
				LastSwiftUpdateCheck = 0830;
				LastUpgradeCheck = 0830;
				ORGANIZATIONNAME = "Pear Bus";
				TargetAttributes = {
					CA7C85141EEBA58E0068A5FB = {
						CreatedOnToolsVersion = 8.3.3;
						ProvisioningStyle = Automatic;
					};
				};
			};
			buildConfigurationList = CA7C85101EEBA58E0068A5FB /* Build configuration list for PBXProject "Stryke" */;
			compatibilityVersion = "Xcode 3.2";
			developmentRegion = English;
			hasScannedForEncodings = 0;
			knownRegions = (
				en,
				Base,
			);
			mainGroup = CA7C850C1EEBA58E0068A5FB;
			productRefGroup = CA7C85161EEBA58E0068A5FB /* Products */;
			projectDirPath = "";
			projectRoot = "";
			targets = (
				CA7C85141EEBA58E0068A5FB /* Stryke */,
			);
		};
/* End PBXProject section */

/* Begin PBXResourcesBuildPhase section */
		CA7C85131EEBA58E0068A5FB /* Resources */ = {
			isa = PBXResourcesBuildPhase;
			buildActionMask = 2147483647;
			files = (
				CA7C85251EEBA58E0068A5FB /* LaunchScreen.storyboard in Resources */,
				CA7C85221EEBA58E0068A5FB /* Assets.xcassets in Resources */,
				CA7C85201EEBA58E0068A5FB /* Main.storyboard in Resources */,
			);
			runOnlyForDeploymentPostprocessing = 0;
		};
/* End PBXResourcesBuildPhase section */

/* Begin PBXSourcesBuildPhase section */
		CA7C85111EEBA58E0068A5FB /* Sources */ = {
			isa = PBXSourcesBuildPhase;
			buildActionMask = 2147483647;
			files = (
				CAD112041F242AB10064AF46 /* Article.swift in Sources */,
				CA429C0E1EFFFEB90051A29D /* Team.swift in Sources */,
				CA7C851D1EEBA58E0068A5FB /* NewsViewController.swift in Sources */,
				CA7C85191EEBA58E0068A5FB /* AppDelegate.swift in Sources */,
				CA429C0C1EFEFA970051A29D /* DateTime.swift in Sources */,
				CA7C851B1EEBA58E0068A5FB /* MatchTableViewController.swift in Sources */,
				CA961FED1EEC632700C1C8C4 /* Match.swift in Sources */,
			);
			runOnlyForDeploymentPostprocessing = 0;
		};
/* End PBXSourcesBuildPhase section */

/* Begin PBXVariantGroup section */
		CA7C851E1EEBA58E0068A5FB /* Main.storyboard */ = {
			isa = PBXVariantGroup;
			children = (
				CA7C851F1EEBA58E0068A5FB /* Base */,
			);
			name = Main.storyboard;
			sourceTree = "<group>";
		};
		CA7C85231EEBA58E0068A5FB /* LaunchScreen.storyboard */ = {
			isa = PBXVariantGroup;
			children = (
				CA7C85241EEBA58E0068A5FB /* Base */,
			);
			name = LaunchScreen.storyboard;
			sourceTree = "<group>";
		};
/* End PBXVariantGroup section */

/* Begin XCBuildConfiguration section */
		CA7C85271EEBA58E0068A5FB /* Debug */ = {
			isa = XCBuildConfiguration;
			buildSettings = {
				ALWAYS_SEARCH_USER_PATHS = NO;
				CLANG_ANALYZER_NONNULL = YES;
				CLANG_ANALYZER_NUMBER_OBJECT_CONVERSION = YES_AGGRESSIVE;
				CLANG_CXX_LANGUAGE_STANDARD = "gnu++0x";
				CLANG_CXX_LIBRARY = "libc++";
				CLANG_ENABLE_MODULES = YES;
				CLANG_ENABLE_OBJC_ARC = YES;
				CLANG_WARN_BOOL_CONVERSION = YES;
				CLANG_WARN_CONSTANT_CONVERSION = YES;
				CLANG_WARN_DIRECT_OBJC_ISA_USAGE = YES_ERROR;
				CLANG_WARN_DOCUMENTATION_COMMENTS = YES;
				CLANG_WARN_EMPTY_BODY = YES;
				CLANG_WARN_ENUM_CONVERSION = YES;
				CLANG_WARN_INFINITE_RECURSION = YES;
				CLANG_WARN_INT_CONVERSION = YES;
				CLANG_WARN_OBJC_ROOT_CLASS = YES_ERROR;
				CLANG_WARN_SUSPICIOUS_MOVE = YES;
				CLANG_WARN_UNREACHABLE_CODE = YES;
				CLANG_WARN__DUPLICATE_METHOD_MATCH = YES;
				"CODE_SIGN_IDENTITY[sdk=iphoneos*]" = "iPhone Developer";
				COPY_PHASE_STRIP = NO;
				DEBUG_INFORMATION_FORMAT = dwarf;
				ENABLE_STRICT_OBJC_MSGSEND = YES;
				ENABLE_TESTABILITY = YES;
				GCC_C_LANGUAGE_STANDARD = gnu99;
				GCC_DYNAMIC_NO_PIC = NO;
				GCC_NO_COMMON_BLOCKS = YES;
				GCC_OPTIMIZATION_LEVEL = 0;
				GCC_PREPROCESSOR_DEFINITIONS = (
					"DEBUG=1",
					"$(inherited)",
				);
				GCC_WARN_64_TO_32_BIT_CONVERSION = YES;
				GCC_WARN_ABOUT_RETURN_TYPE = YES_ERROR;
				GCC_WARN_UNDECLARED_SELECTOR = YES;
				GCC_WARN_UNINITIALIZED_AUTOS = YES_AGGRESSIVE;
				GCC_WARN_UNUSED_FUNCTION = YES;
				GCC_WARN_UNUSED_VARIABLE = YES;
				IPHONEOS_DEPLOYMENT_TARGET = 10.3;
				MTL_ENABLE_DEBUG_INFO = YES;
				ONLY_ACTIVE_ARCH = YES;
				SDKROOT = iphoneos;
				SWIFT_ACTIVE_COMPILATION_CONDITIONS = DEBUG;
				SWIFT_OPTIMIZATION_LEVEL = "-Onone";
			};
			name = Debug;
		};
		CA7C85281EEBA58E0068A5FB /* Release */ = {
			isa = XCBuildConfiguration;
			buildSettings = {
				ALWAYS_SEARCH_USER_PATHS = NO;
				CLANG_ANALYZER_NONNULL = YES;
				CLANG_ANALYZER_NUMBER_OBJECT_CONVERSION = YES_AGGRESSIVE;
				CLANG_CXX_LANGUAGE_STANDARD = "gnu++0x";
				CLANG_CXX_LIBRARY = "libc++";
				CLANG_ENABLE_MODULES = YES;
				CLANG_ENABLE_OBJC_ARC = YES;
				CLANG_WARN_BOOL_CONVERSION = YES;
				CLANG_WARN_CONSTANT_CONVERSION = YES;
				CLANG_WARN_DIRECT_OBJC_ISA_USAGE = YES_ERROR;
				CLANG_WARN_DOCUMENTATION_COMMENTS = YES;
				CLANG_WARN_EMPTY_BODY = YES;
				CLANG_WARN_ENUM_CONVERSION = YES;
				CLANG_WARN_INFINITE_RECURSION = YES;
				CLANG_WARN_INT_CONVERSION = YES;
				CLANG_WARN_OBJC_ROOT_CLASS = YES_ERROR;
				CLANG_WARN_SUSPICIOUS_MOVE = YES;
				CLANG_WARN_UNREACHABLE_CODE = YES;
				CLANG_WARN__DUPLICATE_METHOD_MATCH = YES;
				"CODE_SIGN_IDENTITY[sdk=iphoneos*]" = "iPhone Developer";
				COPY_PHASE_STRIP = NO;
				DEBUG_INFORMATION_FORMAT = "dwarf-with-dsym";
				ENABLE_NS_ASSERTIONS = NO;
				ENABLE_STRICT_OBJC_MSGSEND = YES;
				GCC_C_LANGUAGE_STANDARD = gnu99;
				GCC_NO_COMMON_BLOCKS = YES;
				GCC_WARN_64_TO_32_BIT_CONVERSION = YES;
				GCC_WARN_ABOUT_RETURN_TYPE = YES_ERROR;
				GCC_WARN_UNDECLARED_SELECTOR = YES;
				GCC_WARN_UNINITIALIZED_AUTOS = YES_AGGRESSIVE;
				GCC_WARN_UNUSED_FUNCTION = YES;
				GCC_WARN_UNUSED_VARIABLE = YES;
				IPHONEOS_DEPLOYMENT_TARGET = 10.3;
				MTL_ENABLE_DEBUG_INFO = NO;
				SDKROOT = iphoneos;
				SWIFT_OPTIMIZATION_LEVEL = "-Owholemodule";
				VALIDATE_PRODUCT = YES;
			};
			name = Release;
		};
		CA7C852A1EEBA58E0068A5FB /* Debug */ = {
			isa = XCBuildConfiguration;
			buildSettings = {
				ASSETCATALOG_COMPILER_APPICON_NAME = AppIcon;
				"CODE_SIGN_IDENTITY[sdk=iphoneos*]" = "iPhone Developer";
				DEVELOPMENT_TEAM = "";
				INFOPLIST_FILE = Stryke/Info.plist;
				LD_RUNPATH_SEARCH_PATHS = "$(inherited) @executable_path/Frameworks";
				PRODUCT_BUNDLE_IDENTIFIER = co.pearbus.Stryke;
				PRODUCT_NAME = "$(TARGET_NAME)";
				PROVISIONING_PROFILE_SPECIFIER = "";
				SWIFT_VERSION = 3.0;
			};
			name = Debug;
		};
		CA7C852B1EEBA58E0068A5FB /* Release */ = {
			isa = XCBuildConfiguration;
			buildSettings = {
				ASSETCATALOG_COMPILER_APPICON_NAME = AppIcon;
				"CODE_SIGN_IDENTITY[sdk=iphoneos*]" = "iPhone Developer";
				DEVELOPMENT_TEAM = "";
				INFOPLIST_FILE = Stryke/Info.plist;
				LD_RUNPATH_SEARCH_PATHS = "$(inherited) @executable_path/Frameworks";
				PRODUCT_BUNDLE_IDENTIFIER = co.pearbus.Stryke;
				PRODUCT_NAME = "$(TARGET_NAME)";
				PROVISIONING_PROFILE_SPECIFIER = "";
				SWIFT_VERSION = 3.0;
			};
			name = Release;
		};
/* End XCBuildConfiguration section */

/* Begin XCConfigurationList section */
		CA7C85101EEBA58E0068A5FB /* Build configuration list for PBXProject "Stryke" */ = {
			isa = XCConfigurationList;
			buildConfigurations = (
				CA7C85271EEBA58E0068A5FB /* Debug */,
				CA7C85281EEBA58E0068A5FB /* Release */,
			);
			defaultConfigurationIsVisible = 0;
			defaultConfigurationName = Release;
		};
		CA7C85291EEBA58E0068A5FB /* Build configuration list for PBXNativeTarget "Stryke" */ = {
			isa = XCConfigurationList;
			buildConfigurations = (
				CA7C852A1EEBA58E0068A5FB /* Debug */,
				CA7C852B1EEBA58E0068A5FB /* Release */,
			);
			defaultConfigurationIsVisible = 0;
			defaultConfigurationName = Release;
		};
/* End XCConfigurationList section */
	};
	rootObject = CA7C850D1EEBA58E0068A5FB /* Project object */;
}
